
Microsoft Visual Studio Solution File, Format Version 12.00
# Visual Studio Version 17
VisualStudioVersion = 17.8.34525.116
MinimumVisualStudioVersion = 10.0.40219.1
Project("{FAE04EC0-301F-11D3-BF4B-00C04F79EFBC}") = "Lab8", "Lab8\Lab8.csproj", "{FB9BE7E9-0979-41F3-8F9E-372FB26AF847}"
EndProject
Global
	GlobalSection(SolutionConfigurationPlatforms) = preSolution
		Debug|Any CPU = Debug|Any CPU
		Release|Any CPU = Release|Any CPU
	EndGlobalSection
	GlobalSection(ProjectConfigurationPlatforms) = postSolution
		{FB9BE7E9-0979-41F3-8F9E-372FB26AF847}.Debug|Any CPU.ActiveCfg = Debug|Any CPU
		{FB9BE7E9-0979-41F3-8F9E-372FB26AF847}.Debug|Any CPU.Build.0 = Debug|Any CPU
		{FB9BE7E9-0979-41F3-8F9E-372FB26AF847}.Release|Any CPU.ActiveCfg = Release|Any CPU
		{FB9BE7E9-0979-41F3-8F9E-372FB26AF847}.Release|Any CPU.Build.0 = Release|Any CPU
	EndGlobalSection
	GlobalSection(SolutionProperties) = preSolution
		HideSolutionNode = FALSE
	EndGlobalSection
	GlobalSection(ExtensibilityGlobals) = postSolution
		SolutionGuid = {ECCFD6CC-BDBE-4B25-B39B-D91922C95A02}
	EndGlobalSection
EndGlobal
